%{"exirc": {:hex, :exirc, "1.0.1", "a1eccd89eea12eb928b7142dba7b6b7766ebca74b92405c37af9a8e7d3bd39a4", [:mix], []},
  "gproc": {:hex, :gproc, "0.5.0", "2df2d886f8f8a7b81a4b04aa17972b5965bbc5bf0100ea6d8e8ac6a0e7389afe", [:rebar], []},
  "hedwig": {:hex, :hedwig, "1.0.0", "effbb160b9b270cb62ac1b2d6041b4ac731a21b0fc048dd2c35840245fdc0f22", [:mix], []}}
